
Microsoft Visual Studio Solution File, Format Version 12.00
# Visual Studio 15
VisualStudioVersion = 15.0.26730.15
MinimumVisualStudioVersion = 10.0.40219.1
Project("{FAE04EC0-301F-11D3-BF4B-00C04F79EFBC}") = "MagicalNumber", "MagicalNumber\MagicalNumber.csproj", "{463862B9-77CC-41DC-BC05-3321799EE6E4}"
EndProject
Global
	GlobalSection(SolutionConfigurationPlatforms) = preSolution
		Debug|Any CPU = Debug|Any CPU
		Release|Any CPU = Release|Any CPU
	EndGlobalSection
	GlobalSection(ProjectConfigurationPlatforms) = postSolution
		{463862B9-77CC-41DC-BC05-3321799EE6E4}.Debug|Any CPU.ActiveCfg = Debug|Any CPU
		{463862B9-77CC-41DC-BC05-3321799EE6E4}.Debug|Any CPU.Build.0 = Debug|Any CPU
		{463862B9-77CC-41DC-BC05-3321799EE6E4}.Release|Any CPU.ActiveCfg = Release|Any CPU
		{463862B9-77CC-41DC-BC05-3321799EE6E4}.Release|Any CPU.Build.0 = Release|Any CPU
	EndGlobalSection
	GlobalSection(SolutionProperties) = preSolution
		HideSolutionNode = FALSE
	EndGlobalSection
	GlobalSection(ExtensibilityGlobals) = postSolution
		SolutionGuid = {5C56E508-D22C-411B-8528-4EC4CDFAC448}
	EndGlobalSection
EndGlobal
