
Microsoft Visual Studio Solution File, Format Version 12.00
# Visual Studio 15
VisualStudioVersion = 15.0.26730.15
MinimumVisualStudioVersion = 10.0.40219.1
Project("{FAE04EC0-301F-11D3-BF4B-00C04F79EFBC}") = "TaskManager.Web", "TaskManager.Web\TaskManager.Web.csproj", "{946669BF-090B-460C-B5DA-295F2F2F0A4F}"
EndProject
Project("{FAE04EC0-301F-11D3-BF4B-00C04F79EFBC}") = "TaskManager.Data", "TaskManager.Data\TaskManager.Data.csproj", "{8A4621DB-36CC-4375-BA3A-5964E3B8E737}"
EndProject
Project("{FAE04EC0-301F-11D3-BF4B-00C04F79EFBC}") = "TaskManager.Models", "TaskManager.Models\TaskManager.Models.csproj", "{DABF7BDF-F43A-4054-B862-D06A35BF7F95}"
EndProject
Global
	GlobalSection(SolutionConfigurationPlatforms) = preSolution
		Debug|Any CPU = Debug|Any CPU
		Release|Any CPU = Release|Any CPU
	EndGlobalSection
	GlobalSection(ProjectConfigurationPlatforms) = postSolution
		{946669BF-090B-460C-B5DA-295F2F2F0A4F}.Debug|Any CPU.ActiveCfg = Debug|Any CPU
		{946669BF-090B-460C-B5DA-295F2F2F0A4F}.Debug|Any CPU.Build.0 = Debug|Any CPU
		{946669BF-090B-460C-B5DA-295F2F2F0A4F}.Release|Any CPU.ActiveCfg = Release|Any CPU
		{946669BF-090B-460C-B5DA-295F2F2F0A4F}.Release|Any CPU.Build.0 = Release|Any CPU
		{8A4621DB-36CC-4375-BA3A-5964E3B8E737}.Debug|Any CPU.ActiveCfg = Debug|Any CPU
		{8A4621DB-36CC-4375-BA3A-5964E3B8E737}.Debug|Any CPU.Build.0 = Debug|Any CPU
		{8A4621DB-36CC-4375-BA3A-5964E3B8E737}.Release|Any CPU.ActiveCfg = Release|Any CPU
		{8A4621DB-36CC-4375-BA3A-5964E3B8E737}.Release|Any CPU.Build.0 = Release|Any CPU
		{DABF7BDF-F43A-4054-B862-D06A35BF7F95}.Debug|Any CPU.ActiveCfg = Debug|Any CPU
		{DABF7BDF-F43A-4054-B862-D06A35BF7F95}.Debug|Any CPU.Build.0 = Debug|Any CPU
		{DABF7BDF-F43A-4054-B862-D06A35BF7F95}.Release|Any CPU.ActiveCfg = Release|Any CPU
		{DABF7BDF-F43A-4054-B862-D06A35BF7F95}.Release|Any CPU.Build.0 = Release|Any CPU
	EndGlobalSection
	GlobalSection(SolutionProperties) = preSolution
		HideSolutionNode = FALSE
	EndGlobalSection
	GlobalSection(ExtensibilityGlobals) = postSolution
		SolutionGuid = {A193FBD6-171D-4B3C-A141-5435AF0A7AD5}
	EndGlobalSection
EndGlobal
