
Microsoft Visual Studio Solution File, Format Version 12.00
# Visual Studio 15
VisualStudioVersion = 15.0.26730.15
MinimumVisualStudioVersion = 10.0.40219.1
Project("{FAE04EC0-301F-11D3-BF4B-00C04F79EFBC}") = "FibonacciNumbers", "FibonacciNumbers\FibonacciNumbers.csproj", "{C6E778D8-05E1-493D-880E-0A3254B784C2}"
EndProject
Global
	GlobalSection(SolutionConfigurationPlatforms) = preSolution
		Debug|Any CPU = Debug|Any CPU
		Release|Any CPU = Release|Any CPU
	EndGlobalSection
	GlobalSection(ProjectConfigurationPlatforms) = postSolution
		{C6E778D8-05E1-493D-880E-0A3254B784C2}.Debug|Any CPU.ActiveCfg = Debug|Any CPU
		{C6E778D8-05E1-493D-880E-0A3254B784C2}.Debug|Any CPU.Build.0 = Debug|Any CPU
		{C6E778D8-05E1-493D-880E-0A3254B784C2}.Release|Any CPU.ActiveCfg = Release|Any CPU
		{C6E778D8-05E1-493D-880E-0A3254B784C2}.Release|Any CPU.Build.0 = Release|Any CPU
	EndGlobalSection
	GlobalSection(SolutionProperties) = preSolution
		HideSolutionNode = FALSE
	EndGlobalSection
	GlobalSection(ExtensibilityGlobals) = postSolution
		SolutionGuid = {716429A3-35D9-45B9-B8C5-6F7001EB7A76}
	EndGlobalSection
EndGlobal
