
Microsoft Visual Studio Solution File, Format Version 12.00
# Visual Studio 15
VisualStudioVersion = 15.0.26730.15
MinimumVisualStudioVersion = 10.0.40219.1
Project("{FAE04EC0-301F-11D3-BF4B-00C04F79EFBC}") = "CompanyInfo", "CompanyInfo\CompanyInfo.csproj", "{35943517-7F76-4D66-A4A6-E678C72716DB}"
EndProject
Global
	GlobalSection(SolutionConfigurationPlatforms) = preSolution
		Debug|Any CPU = Debug|Any CPU
		Release|Any CPU = Release|Any CPU
	EndGlobalSection
	GlobalSection(ProjectConfigurationPlatforms) = postSolution
		{35943517-7F76-4D66-A4A6-E678C72716DB}.Debug|Any CPU.ActiveCfg = Debug|Any CPU
		{35943517-7F76-4D66-A4A6-E678C72716DB}.Debug|Any CPU.Build.0 = Debug|Any CPU
		{35943517-7F76-4D66-A4A6-E678C72716DB}.Release|Any CPU.ActiveCfg = Release|Any CPU
		{35943517-7F76-4D66-A4A6-E678C72716DB}.Release|Any CPU.Build.0 = Release|Any CPU
	EndGlobalSection
	GlobalSection(SolutionProperties) = preSolution
		HideSolutionNode = FALSE
	EndGlobalSection
	GlobalSection(ExtensibilityGlobals) = postSolution
		SolutionGuid = {4D06FD6B-8D70-42FA-8971-D38D35C618F8}
	EndGlobalSection
EndGlobal
