
Microsoft Visual Studio Solution File, Format Version 12.00
# Visual Studio 15
VisualStudioVersion = 15.0.26730.15
MinimumVisualStudioVersion = 10.0.40219.1
Project("{FAE04EC0-301F-11D3-BF4B-00C04F79EFBC}") = "DivideBy7And5", "DivideBy7And5\DivideBy7And5.csproj", "{8FF4CE7B-7F93-4B70-9908-1A80FD79166F}"
EndProject
Global
	GlobalSection(SolutionConfigurationPlatforms) = preSolution
		Debug|Any CPU = Debug|Any CPU
		Release|Any CPU = Release|Any CPU
	EndGlobalSection
	GlobalSection(ProjectConfigurationPlatforms) = postSolution
		{8FF4CE7B-7F93-4B70-9908-1A80FD79166F}.Debug|Any CPU.ActiveCfg = Debug|Any CPU
		{8FF4CE7B-7F93-4B70-9908-1A80FD79166F}.Debug|Any CPU.Build.0 = Debug|Any CPU
		{8FF4CE7B-7F93-4B70-9908-1A80FD79166F}.Release|Any CPU.ActiveCfg = Release|Any CPU
		{8FF4CE7B-7F93-4B70-9908-1A80FD79166F}.Release|Any CPU.Build.0 = Release|Any CPU
	EndGlobalSection
	GlobalSection(SolutionProperties) = preSolution
		HideSolutionNode = FALSE
	EndGlobalSection
	GlobalSection(ExtensibilityGlobals) = postSolution
		SolutionGuid = {E84DFE37-FBEF-4DC0-9F1A-5701B921F3AD}
	EndGlobalSection
EndGlobal
