
Microsoft Visual Studio Solution File, Format Version 12.00
# Visual Studio 15
VisualStudioVersion = 15.0.26730.15
MinimumVisualStudioVersion = 10.0.40219.1
Project("{FAE04EC0-301F-11D3-BF4B-00C04F79EFBC}") = "GSM", "GSM\GSM.csproj", "{D3FF015E-3164-4965-9804-7D7A6C058D58}"
EndProject
Global
	GlobalSection(SolutionConfigurationPlatforms) = preSolution
		Debug|Any CPU = Debug|Any CPU
		Release|Any CPU = Release|Any CPU
	EndGlobalSection
	GlobalSection(ProjectConfigurationPlatforms) = postSolution
		{D3FF015E-3164-4965-9804-7D7A6C058D58}.Debug|Any CPU.ActiveCfg = Debug|Any CPU
		{D3FF015E-3164-4965-9804-7D7A6C058D58}.Debug|Any CPU.Build.0 = Debug|Any CPU
		{D3FF015E-3164-4965-9804-7D7A6C058D58}.Release|Any CPU.ActiveCfg = Release|Any CPU
		{D3FF015E-3164-4965-9804-7D7A6C058D58}.Release|Any CPU.Build.0 = Release|Any CPU
	EndGlobalSection
	GlobalSection(SolutionProperties) = preSolution
		HideSolutionNode = FALSE
	EndGlobalSection
	GlobalSection(ExtensibilityGlobals) = postSolution
		SolutionGuid = {E3AF4041-2985-40BD-AF51-A54569592398}
	EndGlobalSection
EndGlobal
