
Microsoft Visual Studio Solution File, Format Version 12.00
# Visual Studio 15
VisualStudioVersion = 15.0.26730.15
MinimumVisualStudioVersion = 10.0.40219.1
Project("{FAE04EC0-301F-11D3-BF4B-00C04F79EFBC}") = "School", "School\School.csproj", "{AD0A066B-E034-48EE-9B61-6A5A73EEB062}"
EndProject
Global
	GlobalSection(SolutionConfigurationPlatforms) = preSolution
		Debug|Any CPU = Debug|Any CPU
		Release|Any CPU = Release|Any CPU
	EndGlobalSection
	GlobalSection(ProjectConfigurationPlatforms) = postSolution
		{AD0A066B-E034-48EE-9B61-6A5A73EEB062}.Debug|Any CPU.ActiveCfg = Debug|Any CPU
		{AD0A066B-E034-48EE-9B61-6A5A73EEB062}.Debug|Any CPU.Build.0 = Debug|Any CPU
		{AD0A066B-E034-48EE-9B61-6A5A73EEB062}.Release|Any CPU.ActiveCfg = Release|Any CPU
		{AD0A066B-E034-48EE-9B61-6A5A73EEB062}.Release|Any CPU.Build.0 = Release|Any CPU
	EndGlobalSection
	GlobalSection(SolutionProperties) = preSolution
		HideSolutionNode = FALSE
	EndGlobalSection
	GlobalSection(ExtensibilityGlobals) = postSolution
		SolutionGuid = {3F8482A2-E375-4D7A-840E-321926A48855}
	EndGlobalSection
EndGlobal
