
Microsoft Visual Studio Solution File, Format Version 12.00
# Visual Studio 15
VisualStudioVersion = 15.0.26730.15
MinimumVisualStudioVersion = 10.0.40219.1
Project("{FAE04EC0-301F-11D3-BF4B-00C04F79EFBC}") = "Trapezoids", "Trapezoids\Trapezoids.csproj", "{935C4D97-9FFF-4A89-8142-5E952ADDB112}"
EndProject
Global
	GlobalSection(SolutionConfigurationPlatforms) = preSolution
		Debug|Any CPU = Debug|Any CPU
		Release|Any CPU = Release|Any CPU
	EndGlobalSection
	GlobalSection(ProjectConfigurationPlatforms) = postSolution
		{935C4D97-9FFF-4A89-8142-5E952ADDB112}.Debug|Any CPU.ActiveCfg = Debug|Any CPU
		{935C4D97-9FFF-4A89-8142-5E952ADDB112}.Debug|Any CPU.Build.0 = Debug|Any CPU
		{935C4D97-9FFF-4A89-8142-5E952ADDB112}.Release|Any CPU.ActiveCfg = Release|Any CPU
		{935C4D97-9FFF-4A89-8142-5E952ADDB112}.Release|Any CPU.Build.0 = Release|Any CPU
	EndGlobalSection
	GlobalSection(SolutionProperties) = preSolution
		HideSolutionNode = FALSE
	EndGlobalSection
	GlobalSection(ExtensibilityGlobals) = postSolution
		SolutionGuid = {88073323-77C2-4A71-B504-25B86D9E25DD}
	EndGlobalSection
EndGlobal
